
Microsoft Visual Studio Solution File, Format Version 12.00
# Visual Studio Version 16
VisualStudioVersion = 16.0.30330.147
MinimumVisualStudioVersion = 10.0.40219.1
Project("{9092AA53-FB77-4645-B42D-1CCCA6BD08BD}") = "EmployeeWage", "EmployeeWage\EmployeeWage.njsproj", "{A76CA3D5-D67F-4B72-985B-0AA25ED6AB05}"
EndProject
Global
	GlobalSection(SolutionConfigurationPlatforms) = preSolution
		Debug|Any CPU = Debug|Any CPU
		Release|Any CPU = Release|Any CPU
	EndGlobalSection
	GlobalSection(ProjectConfigurationPlatforms) = postSolution
		{A76CA3D5-D67F-4B72-985B-0AA25ED6AB05}.Debug|Any CPU.ActiveCfg = Debug|Any CPU
		{A76CA3D5-D67F-4B72-985B-0AA25ED6AB05}.Debug|Any CPU.Build.0 = Debug|Any CPU
		{A76CA3D5-D67F-4B72-985B-0AA25ED6AB05}.Release|Any CPU.ActiveCfg = Release|Any CPU
		{A76CA3D5-D67F-4B72-985B-0AA25ED6AB05}.Release|Any CPU.Build.0 = Release|Any CPU
	EndGlobalSection
	GlobalSection(SolutionProperties) = preSolution
		HideSolutionNode = FALSE
	EndGlobalSection
	GlobalSection(ExtensibilityGlobals) = postSolution
		SolutionGuid = {3AF29AAF-5DC7-4DD8-9A65-915FDED67818}
	EndGlobalSection
EndGlobal
